
Microsoft Visual Studio Solution File, Format Version 12.00
# Visual Studio Version 17
VisualStudioVersion = 17.5.33627.172
MinimumVisualStudioVersion = 10.0.40219.1
Project("{9A19103F-16F7-4668-BE54-9A1E7A4F7556}") = "Funeraria_LaCruz.API", "Funeraria_LaCruz.API\Funeraria_LaCruz.API.csproj", "{3A006A8A-0E57-4EC4-8B5F-1D6423060807}"
EndProject
Project("{9A19103F-16F7-4668-BE54-9A1E7A4F7556}") = "Funeraria_LaCruz.Shared", "Funeraria_LaCruz.Shared\Funeraria_LaCruz.Shared.csproj", "{33AFCFF2-8BED-4A53-80E2-1D31042DFB99}"
EndProject
Project("{9A19103F-16F7-4668-BE54-9A1E7A4F7556}") = "Funeraria_LaCruz.WEB", "Funeraria_LaCruz.WEB\Funeraria_LaCruz.WEB.csproj", "{734105CF-590F-43F6-8BD2-F7C2FC3F343A}"
EndProject
Global
	GlobalSection(SolutionConfigurationPlatforms) = preSolution
		Debug|Any CPU = Debug|Any CPU
		Release|Any CPU = Release|Any CPU
	EndGlobalSection
	GlobalSection(ProjectConfigurationPlatforms) = postSolution
		{3A006A8A-0E57-4EC4-8B5F-1D6423060807}.Debug|Any CPU.ActiveCfg = Debug|Any CPU
		{3A006A8A-0E57-4EC4-8B5F-1D6423060807}.Debug|Any CPU.Build.0 = Debug|Any CPU
		{3A006A8A-0E57-4EC4-8B5F-1D6423060807}.Release|Any CPU.ActiveCfg = Release|Any CPU
		{3A006A8A-0E57-4EC4-8B5F-1D6423060807}.Release|Any CPU.Build.0 = Release|Any CPU
		{33AFCFF2-8BED-4A53-80E2-1D31042DFB99}.Debug|Any CPU.ActiveCfg = Debug|Any CPU
		{33AFCFF2-8BED-4A53-80E2-1D31042DFB99}.Debug|Any CPU.Build.0 = Debug|Any CPU
		{33AFCFF2-8BED-4A53-80E2-1D31042DFB99}.Release|Any CPU.ActiveCfg = Release|Any CPU
		{33AFCFF2-8BED-4A53-80E2-1D31042DFB99}.Release|Any CPU.Build.0 = Release|Any CPU
		{734105CF-590F-43F6-8BD2-F7C2FC3F343A}.Debug|Any CPU.ActiveCfg = Debug|Any CPU
		{734105CF-590F-43F6-8BD2-F7C2FC3F343A}.Debug|Any CPU.Build.0 = Debug|Any CPU
		{734105CF-590F-43F6-8BD2-F7C2FC3F343A}.Release|Any CPU.ActiveCfg = Release|Any CPU
		{734105CF-590F-43F6-8BD2-F7C2FC3F343A}.Release|Any CPU.Build.0 = Release|Any CPU
	EndGlobalSection
	GlobalSection(SolutionProperties) = preSolution
		HideSolutionNode = FALSE
	EndGlobalSection
	GlobalSection(ExtensibilityGlobals) = postSolution
		SolutionGuid = {B99D6EFB-82B8-4963-BDC9-DE081CF9178E}
	EndGlobalSection
EndGlobal
